
Microsoft Visual Studio Solution File, Format Version 12.00
# Visual Studio Version 17
VisualStudioVersion = 17.7.34031.279
MinimumVisualStudioVersion = 10.0.40219.1
Project("{FAE04EC0-301F-11D3-BF4B-00C04F79EFBC}") = "PokemonReviewApp", "PokemonReviewApp\PokemonReviewApp.csproj", "{2EE9B5CD-1C13-49AF-A94C-F4D592E33D57}"
EndProject
Global
	GlobalSection(SolutionConfigurationPlatforms) = preSolution
		Debug|Any CPU = Debug|Any CPU
		Release|Any CPU = Release|Any CPU
	EndGlobalSection
	GlobalSection(ProjectConfigurationPlatforms) = postSolution
		{2EE9B5CD-1C13-49AF-A94C-F4D592E33D57}.Debug|Any CPU.ActiveCfg = Debug|Any CPU
		{2EE9B5CD-1C13-49AF-A94C-F4D592E33D57}.Debug|Any CPU.Build.0 = Debug|Any CPU
		{2EE9B5CD-1C13-49AF-A94C-F4D592E33D57}.Release|Any CPU.ActiveCfg = Release|Any CPU
		{2EE9B5CD-1C13-49AF-A94C-F4D592E33D57}.Release|Any CPU.Build.0 = Release|Any CPU
	EndGlobalSection
	GlobalSection(SolutionProperties) = preSolution
		HideSolutionNode = FALSE
	EndGlobalSection
	GlobalSection(ExtensibilityGlobals) = postSolution
		SolutionGuid = {88D3C25D-E727-445B-89E8-3CF9F5DBC211}
	EndGlobalSection
EndGlobal
